
Microsoft Visual Studio Solution File, Format Version 12.00
# Visual Studio Version 17
VisualStudioVersion = 17.0.31903.59
MinimumVisualStudioVersion = 10.0.40219.1
Project("{FAE04EC0-301F-11D3-BF4B-00C04F79EFBC}") = "Minecraftonia", "src\Minecraftonia\Minecraftonia.csproj", "{495B05BC-24D5-448E-A999-847246D1C8A3}"
EndProject
Project("{FAE04EC0-301F-11D3-BF4B-00C04F79EFBC}") = "Minecraftonia.Core", "src\Minecraftonia.Core\Minecraftonia.Core.csproj", "{223568E4-6D8D-4C8D-BBF6-7D5A7350F60E}"
EndProject
Project("{FAE04EC0-301F-11D3-BF4B-00C04F79EFBC}") = "Minecraftonia.Rendering.Avalonia", "src\Minecraftonia.Rendering.Avalonia\Minecraftonia.Rendering.Avalonia.csproj", "{86C875B6-3284-4E19-BE6B-3215E7C63A89}"
EndProject
Project("{FAE04EC0-301F-11D3-BF4B-00C04F79EFBC}") = "Minecraftonia.Content", "src\Minecraftonia.Content\Minecraftonia.Content.csproj", "{620836B1-EA33-4549-85CD-4D2F04268D37}"
EndProject
Project("{FAE04EC0-301F-11D3-BF4B-00C04F79EFBC}") = "Minecraftonia.Sample.BasicBlock", "samples\Minecraftonia.Sample.BasicBlock\Minecraftonia.Sample.BasicBlock.csproj", "{7C700318-3B12-4E10-B316-8F221AA37C25}"
EndProject
Project("{FAE04EC0-301F-11D3-BF4B-00C04F79EFBC}") = "Minecraftonia.VoxelEngine", "src\Minecraftonia.VoxelEngine\Minecraftonia.VoxelEngine.csproj", "{4FDB9429-F361-4A58-AD68-9211886DCA8A}"
EndProject
Project("{FAE04EC0-301F-11D3-BF4B-00C04F79EFBC}") = "Minecraftonia.Game", "src\Minecraftonia.Game\Minecraftonia.Game.csproj", "{11AF49B8-BBD5-48A3-9C82-9F0B8411A812}"
EndProject
Project("{FAE04EC0-301F-11D3-BF4B-00C04F79EFBC}") = "Minecraftonia.WaveFunctionCollapse", "src\Minecraftonia.WaveFunctionCollapse\Minecraftonia.WaveFunctionCollapse.csproj", "{AB190F32-E15B-46AF-8544-E8CDB05D478F}"
EndProject
Project("{FAE04EC0-301F-11D3-BF4B-00C04F79EFBC}") = "Minecraftonia.OpenStreetMap", "src\Minecraftonia.OpenStreetMap\Minecraftonia.OpenStreetMap.csproj", "{A6AA6637-1FE1-4338-89B9-1979BE9DFA07}"
EndProject
Project("{FAE04EC0-301F-11D3-BF4B-00C04F79EFBC}") = "Minecraftonia.MarkovJunior", "src\Minecraftonia.MarkovJunior\Minecraftonia.MarkovJunior.csproj", "{18BEB101-7546-4B56-8EF5-2F49EBECA5DC}"
EndProject
Project("{FAE04EC0-301F-11D3-BF4B-00C04F79EFBC}") = "Minecraftonia.MarkovJunior.Architecture", "src\Minecraftonia.MarkovJunior.Architecture\Minecraftonia.MarkovJunior.Architecture.csproj", "{85564B2A-3E98-41FF-A5B9-66622E3283B9}"
EndProject
Project("{FAE04EC0-301F-11D3-BF4B-00C04F79EFBC}") = "Minecraftonia.Hosting", "src\Minecraftonia.Hosting\Minecraftonia.Hosting.csproj", "{6E16E5C0-CE9D-41B4-B51E-F21005F6E53A}"
EndProject
Project("{FAE04EC0-301F-11D3-BF4B-00C04F79EFBC}") = "Minecraftonia.Rendering.Core", "src\Minecraftonia.Rendering.Core\Minecraftonia.Rendering.Core.csproj", "{8F2F5FD8-8BF2-453E-A2B6-D1AC6E468D48}"
EndProject
Project("{FAE04EC0-301F-11D3-BF4B-00C04F79EFBC}") = "Minecraftonia.Rendering.Pipelines", "src\Minecraftonia.Rendering.Pipelines\Minecraftonia.Rendering.Pipelines.csproj", "{11B563B1-E832-436A-994B-BAA3B3A3E4E6}"
EndProject
Project("{2150E333-8FDC-42A3-9474-1A3956D46DE8}") = "samples", "samples", "{5D20AA90-6969-D8BD-9DCD-8634F4692FDA}"
EndProject
Project("{FAE04EC0-301F-11D3-BF4B-00C04F79EFBC}") = "Minecraftonia.Sample.Doom", "samples\Minecraftonia.Sample.Doom\Minecraftonia.Sample.Doom.csproj", "{B1BEC9A4-0EDC-45EC-81D0-6B388A843CE7}"
EndProject
Project("{FAE04EC0-301F-11D3-BF4B-00C04F79EFBC}") = "Minecraftonia.Sample.Doom.Avalonia", "samples\Minecraftonia.Sample.Doom.Avalonia\Minecraftonia.Sample.Doom.Avalonia.csproj", "{64BD441D-09A5-4E31-AA68-674EDA87BA22}"
EndProject
Project("{FAE04EC0-301F-11D3-BF4B-00C04F79EFBC}") = "Minecraftonia.Hosting.Avalonia", "src\Minecraftonia.Hosting.Avalonia\Minecraftonia.Hosting.Avalonia.csproj", "{1E55062A-EB9A-46BF-98D0-51D0B1A4AF37}"
EndProject
Global
	GlobalSection(SolutionConfigurationPlatforms) = preSolution
		Debug|Any CPU = Debug|Any CPU
		Debug|x64 = Debug|x64
		Debug|x86 = Debug|x86
		Release|Any CPU = Release|Any CPU
		Release|x64 = Release|x64
		Release|x86 = Release|x86
	EndGlobalSection
	GlobalSection(ProjectConfigurationPlatforms) = postSolution
		{495B05BC-24D5-448E-A999-847246D1C8A3}.Debug|Any CPU.ActiveCfg = Debug|Any CPU
		{495B05BC-24D5-448E-A999-847246D1C8A3}.Debug|Any CPU.Build.0 = Debug|Any CPU
		{495B05BC-24D5-448E-A999-847246D1C8A3}.Debug|x64.ActiveCfg = Debug|Any CPU
		{495B05BC-24D5-448E-A999-847246D1C8A3}.Debug|x64.Build.0 = Debug|Any CPU
		{495B05BC-24D5-448E-A999-847246D1C8A3}.Debug|x86.ActiveCfg = Debug|Any CPU
		{495B05BC-24D5-448E-A999-847246D1C8A3}.Debug|x86.Build.0 = Debug|Any CPU
		{495B05BC-24D5-448E-A999-847246D1C8A3}.Release|Any CPU.ActiveCfg = Release|Any CPU
		{495B05BC-24D5-448E-A999-847246D1C8A3}.Release|Any CPU.Build.0 = Release|Any CPU
		{495B05BC-24D5-448E-A999-847246D1C8A3}.Release|x64.ActiveCfg = Release|Any CPU
		{495B05BC-24D5-448E-A999-847246D1C8A3}.Release|x64.Build.0 = Release|Any CPU
		{495B05BC-24D5-448E-A999-847246D1C8A3}.Release|x86.ActiveCfg = Release|Any CPU
		{495B05BC-24D5-448E-A999-847246D1C8A3}.Release|x86.Build.0 = Release|Any CPU
		{223568E4-6D8D-4C8D-BBF6-7D5A7350F60E}.Debug|Any CPU.ActiveCfg = Debug|Any CPU
		{223568E4-6D8D-4C8D-BBF6-7D5A7350F60E}.Debug|Any CPU.Build.0 = Debug|Any CPU
		{223568E4-6D8D-4C8D-BBF6-7D5A7350F60E}.Debug|x64.ActiveCfg = Debug|Any CPU
		{223568E4-6D8D-4C8D-BBF6-7D5A7350F60E}.Debug|x64.Build.0 = Debug|Any CPU
		{223568E4-6D8D-4C8D-BBF6-7D5A7350F60E}.Debug|x86.ActiveCfg = Debug|Any CPU
		{223568E4-6D8D-4C8D-BBF6-7D5A7350F60E}.Debug|x86.Build.0 = Debug|Any CPU
		{223568E4-6D8D-4C8D-BBF6-7D5A7350F60E}.Release|Any CPU.ActiveCfg = Release|Any CPU
		{223568E4-6D8D-4C8D-BBF6-7D5A7350F60E}.Release|Any CPU.Build.0 = Release|Any CPU
		{223568E4-6D8D-4C8D-BBF6-7D5A7350F60E}.Release|x64.ActiveCfg = Release|Any CPU
		{223568E4-6D8D-4C8D-BBF6-7D5A7350F60E}.Release|x64.Build.0 = Release|Any CPU
		{223568E4-6D8D-4C8D-BBF6-7D5A7350F60E}.Release|x86.ActiveCfg = Release|Any CPU
		{223568E4-6D8D-4C8D-BBF6-7D5A7350F60E}.Release|x86.Build.0 = Release|Any CPU
		{86C875B6-3284-4E19-BE6B-3215E7C63A89}.Debug|Any CPU.ActiveCfg = Debug|Any CPU
		{86C875B6-3284-4E19-BE6B-3215E7C63A89}.Debug|Any CPU.Build.0 = Debug|Any CPU
		{86C875B6-3284-4E19-BE6B-3215E7C63A89}.Debug|x64.ActiveCfg = Debug|Any CPU
		{86C875B6-3284-4E19-BE6B-3215E7C63A89}.Debug|x64.Build.0 = Debug|Any CPU
		{86C875B6-3284-4E19-BE6B-3215E7C63A89}.Debug|x86.ActiveCfg = Debug|Any CPU
		{86C875B6-3284-4E19-BE6B-3215E7C63A89}.Debug|x86.Build.0 = Debug|Any CPU
		{86C875B6-3284-4E19-BE6B-3215E7C63A89}.Release|Any CPU.ActiveCfg = Release|Any CPU
		{86C875B6-3284-4E19-BE6B-3215E7C63A89}.Release|Any CPU.Build.0 = Release|Any CPU
		{86C875B6-3284-4E19-BE6B-3215E7C63A89}.Release|x64.ActiveCfg = Release|Any CPU
		{86C875B6-3284-4E19-BE6B-3215E7C63A89}.Release|x64.Build.0 = Release|Any CPU
		{86C875B6-3284-4E19-BE6B-3215E7C63A89}.Release|x86.ActiveCfg = Release|Any CPU
		{86C875B6-3284-4E19-BE6B-3215E7C63A89}.Release|x86.Build.0 = Release|Any CPU
		{620836B1-EA33-4549-85CD-4D2F04268D37}.Debug|Any CPU.ActiveCfg = Debug|Any CPU
		{620836B1-EA33-4549-85CD-4D2F04268D37}.Debug|Any CPU.Build.0 = Debug|Any CPU
		{620836B1-EA33-4549-85CD-4D2F04268D37}.Debug|x64.ActiveCfg = Debug|Any CPU
		{620836B1-EA33-4549-85CD-4D2F04268D37}.Debug|x64.Build.0 = Debug|Any CPU
		{620836B1-EA33-4549-85CD-4D2F04268D37}.Debug|x86.ActiveCfg = Debug|Any CPU
		{620836B1-EA33-4549-85CD-4D2F04268D37}.Debug|x86.Build.0 = Debug|Any CPU
		{620836B1-EA33-4549-85CD-4D2F04268D37}.Release|Any CPU.ActiveCfg = Release|Any CPU
		{620836B1-EA33-4549-85CD-4D2F04268D37}.Release|Any CPU.Build.0 = Release|Any CPU
		{620836B1-EA33-4549-85CD-4D2F04268D37}.Release|x64.ActiveCfg = Release|Any CPU
		{620836B1-EA33-4549-85CD-4D2F04268D37}.Release|x64.Build.0 = Release|Any CPU
		{620836B1-EA33-4549-85CD-4D2F04268D37}.Release|x86.ActiveCfg = Release|Any CPU
		{620836B1-EA33-4549-85CD-4D2F04268D37}.Release|x86.Build.0 = Release|Any CPU
		{7C700318-3B12-4E10-B316-8F221AA37C25}.Debug|Any CPU.ActiveCfg = Debug|Any CPU
		{7C700318-3B12-4E10-B316-8F221AA37C25}.Debug|Any CPU.Build.0 = Debug|Any CPU
		{7C700318-3B12-4E10-B316-8F221AA37C25}.Debug|x64.ActiveCfg = Debug|Any CPU
		{7C700318-3B12-4E10-B316-8F221AA37C25}.Debug|x64.Build.0 = Debug|Any CPU
		{7C700318-3B12-4E10-B316-8F221AA37C25}.Debug|x86.ActiveCfg = Debug|Any CPU
		{7C700318-3B12-4E10-B316-8F221AA37C25}.Debug|x86.Build.0 = Debug|Any CPU
		{7C700318-3B12-4E10-B316-8F221AA37C25}.Release|Any CPU.ActiveCfg = Release|Any CPU
		{7C700318-3B12-4E10-B316-8F221AA37C25}.Release|Any CPU.Build.0 = Release|Any CPU
		{7C700318-3B12-4E10-B316-8F221AA37C25}.Release|x64.ActiveCfg = Release|Any CPU
		{7C700318-3B12-4E10-B316-8F221AA37C25}.Release|x64.Build.0 = Release|Any CPU
		{7C700318-3B12-4E10-B316-8F221AA37C25}.Release|x86.ActiveCfg = Release|Any CPU
		{7C700318-3B12-4E10-B316-8F221AA37C25}.Release|x86.Build.0 = Release|Any CPU
		{4FDB9429-F361-4A58-AD68-9211886DCA8A}.Debug|Any CPU.ActiveCfg = Debug|Any CPU
		{4FDB9429-F361-4A58-AD68-9211886DCA8A}.Debug|Any CPU.Build.0 = Debug|Any CPU
		{4FDB9429-F361-4A58-AD68-9211886DCA8A}.Debug|x64.ActiveCfg = Debug|Any CPU
		{4FDB9429-F361-4A58-AD68-9211886DCA8A}.Debug|x64.Build.0 = Debug|Any CPU
		{4FDB9429-F361-4A58-AD68-9211886DCA8A}.Debug|x86.ActiveCfg = Debug|Any CPU
		{4FDB9429-F361-4A58-AD68-9211886DCA8A}.Debug|x86.Build.0 = Debug|Any CPU
		{4FDB9429-F361-4A58-AD68-9211886DCA8A}.Release|Any CPU.ActiveCfg = Release|Any CPU
		{4FDB9429-F361-4A58-AD68-9211886DCA8A}.Release|Any CPU.Build.0 = Release|Any CPU
		{4FDB9429-F361-4A58-AD68-9211886DCA8A}.Release|x64.ActiveCfg = Release|Any CPU
		{4FDB9429-F361-4A58-AD68-9211886DCA8A}.Release|x64.Build.0 = Release|Any CPU
		{4FDB9429-F361-4A58-AD68-9211886DCA8A}.Release|x86.ActiveCfg = Release|Any CPU
		{4FDB9429-F361-4A58-AD68-9211886DCA8A}.Release|x86.Build.0 = Release|Any CPU
		{11AF49B8-BBD5-48A3-9C82-9F0B8411A812}.Debug|Any CPU.ActiveCfg = Debug|Any CPU
		{11AF49B8-BBD5-48A3-9C82-9F0B8411A812}.Debug|Any CPU.Build.0 = Debug|Any CPU
		{11AF49B8-BBD5-48A3-9C82-9F0B8411A812}.Debug|x64.ActiveCfg = Debug|Any CPU
		{11AF49B8-BBD5-48A3-9C82-9F0B8411A812}.Debug|x64.Build.0 = Debug|Any CPU
		{11AF49B8-BBD5-48A3-9C82-9F0B8411A812}.Debug|x86.ActiveCfg = Debug|Any CPU
		{11AF49B8-BBD5-48A3-9C82-9F0B8411A812}.Debug|x86.Build.0 = Debug|Any CPU
		{11AF49B8-BBD5-48A3-9C82-9F0B8411A812}.Release|Any CPU.ActiveCfg = Release|Any CPU
		{11AF49B8-BBD5-48A3-9C82-9F0B8411A812}.Release|Any CPU.Build.0 = Release|Any CPU
		{11AF49B8-BBD5-48A3-9C82-9F0B8411A812}.Release|x64.ActiveCfg = Release|Any CPU
		{11AF49B8-BBD5-48A3-9C82-9F0B8411A812}.Release|x64.Build.0 = Release|Any CPU
		{11AF49B8-BBD5-48A3-9C82-9F0B8411A812}.Release|x86.ActiveCfg = Release|Any CPU
		{11AF49B8-BBD5-48A3-9C82-9F0B8411A812}.Release|x86.Build.0 = Release|Any CPU
		{AB190F32-E15B-46AF-8544-E8CDB05D478F}.Debug|Any CPU.ActiveCfg = Debug|Any CPU
		{AB190F32-E15B-46AF-8544-E8CDB05D478F}.Debug|Any CPU.Build.0 = Debug|Any CPU
		{AB190F32-E15B-46AF-8544-E8CDB05D478F}.Debug|x64.ActiveCfg = Debug|Any CPU
		{AB190F32-E15B-46AF-8544-E8CDB05D478F}.Debug|x64.Build.0 = Debug|Any CPU
		{AB190F32-E15B-46AF-8544-E8CDB05D478F}.Debug|x86.ActiveCfg = Debug|Any CPU
		{AB190F32-E15B-46AF-8544-E8CDB05D478F}.Debug|x86.Build.0 = Debug|Any CPU
		{AB190F32-E15B-46AF-8544-E8CDB05D478F}.Release|Any CPU.ActiveCfg = Release|Any CPU
		{AB190F32-E15B-46AF-8544-E8CDB05D478F}.Release|Any CPU.Build.0 = Release|Any CPU
		{AB190F32-E15B-46AF-8544-E8CDB05D478F}.Release|x64.ActiveCfg = Release|Any CPU
		{AB190F32-E15B-46AF-8544-E8CDB05D478F}.Release|x64.Build.0 = Release|Any CPU
		{AB190F32-E15B-46AF-8544-E8CDB05D478F}.Release|x86.ActiveCfg = Release|Any CPU
		{AB190F32-E15B-46AF-8544-E8CDB05D478F}.Release|x86.Build.0 = Release|Any CPU
		{A6AA6637-1FE1-4338-89B9-1979BE9DFA07}.Debug|Any CPU.ActiveCfg = Debug|Any CPU
		{A6AA6637-1FE1-4338-89B9-1979BE9DFA07}.Debug|Any CPU.Build.0 = Debug|Any CPU
		{A6AA6637-1FE1-4338-89B9-1979BE9DFA07}.Debug|x64.ActiveCfg = Debug|Any CPU
		{A6AA6637-1FE1-4338-89B9-1979BE9DFA07}.Debug|x64.Build.0 = Debug|Any CPU
		{A6AA6637-1FE1-4338-89B9-1979BE9DFA07}.Debug|x86.ActiveCfg = Debug|Any CPU
		{A6AA6637-1FE1-4338-89B9-1979BE9DFA07}.Debug|x86.Build.0 = Debug|Any CPU
		{A6AA6637-1FE1-4338-89B9-1979BE9DFA07}.Release|Any CPU.ActiveCfg = Release|Any CPU
		{A6AA6637-1FE1-4338-89B9-1979BE9DFA07}.Release|Any CPU.Build.0 = Release|Any CPU
		{A6AA6637-1FE1-4338-89B9-1979BE9DFA07}.Release|x64.ActiveCfg = Release|Any CPU
		{A6AA6637-1FE1-4338-89B9-1979BE9DFA07}.Release|x64.Build.0 = Release|Any CPU
		{A6AA6637-1FE1-4338-89B9-1979BE9DFA07}.Release|x86.ActiveCfg = Release|Any CPU
		{A6AA6637-1FE1-4338-89B9-1979BE9DFA07}.Release|x86.Build.0 = Release|Any CPU
		{18BEB101-7546-4B56-8EF5-2F49EBECA5DC}.Debug|Any CPU.ActiveCfg = Debug|Any CPU
		{18BEB101-7546-4B56-8EF5-2F49EBECA5DC}.Debug|Any CPU.Build.0 = Debug|Any CPU
		{18BEB101-7546-4B56-8EF5-2F49EBECA5DC}.Debug|x64.ActiveCfg = Debug|Any CPU
		{18BEB101-7546-4B56-8EF5-2F49EBECA5DC}.Debug|x64.Build.0 = Debug|Any CPU
		{18BEB101-7546-4B56-8EF5-2F49EBECA5DC}.Debug|x86.ActiveCfg = Debug|Any CPU
		{18BEB101-7546-4B56-8EF5-2F49EBECA5DC}.Debug|x86.Build.0 = Debug|Any CPU
		{18BEB101-7546-4B56-8EF5-2F49EBECA5DC}.Release|Any CPU.ActiveCfg = Release|Any CPU
		{18BEB101-7546-4B56-8EF5-2F49EBECA5DC}.Release|Any CPU.Build.0 = Release|Any CPU
		{18BEB101-7546-4B56-8EF5-2F49EBECA5DC}.Release|x64.ActiveCfg = Release|Any CPU
		{18BEB101-7546-4B56-8EF5-2F49EBECA5DC}.Release|x64.Build.0 = Release|Any CPU
		{18BEB101-7546-4B56-8EF5-2F49EBECA5DC}.Release|x86.ActiveCfg = Release|Any CPU
		{18BEB101-7546-4B56-8EF5-2F49EBECA5DC}.Release|x86.Build.0 = Release|Any CPU
		{85564B2A-3E98-41FF-A5B9-66622E3283B9}.Debug|Any CPU.ActiveCfg = Debug|Any CPU
		{85564B2A-3E98-41FF-A5B9-66622E3283B9}.Debug|Any CPU.Build.0 = Debug|Any CPU
		{85564B2A-3E98-41FF-A5B9-66622E3283B9}.Debug|x64.ActiveCfg = Debug|Any CPU
		{85564B2A-3E98-41FF-A5B9-66622E3283B9}.Debug|x64.Build.0 = Debug|Any CPU
		{85564B2A-3E98-41FF-A5B9-66622E3283B9}.Debug|x86.ActiveCfg = Debug|Any CPU
		{85564B2A-3E98-41FF-A5B9-66622E3283B9}.Debug|x86.Build.0 = Debug|Any CPU
		{85564B2A-3E98-41FF-A5B9-66622E3283B9}.Release|Any CPU.ActiveCfg = Release|Any CPU
		{85564B2A-3E98-41FF-A5B9-66622E3283B9}.Release|Any CPU.Build.0 = Release|Any CPU
		{85564B2A-3E98-41FF-A5B9-66622E3283B9}.Release|x64.ActiveCfg = Release|Any CPU
		{85564B2A-3E98-41FF-A5B9-66622E3283B9}.Release|x64.Build.0 = Release|Any CPU
		{85564B2A-3E98-41FF-A5B9-66622E3283B9}.Release|x86.ActiveCfg = Release|Any CPU
		{85564B2A-3E98-41FF-A5B9-66622E3283B9}.Release|x86.Build.0 = Release|Any CPU
		{6E16E5C0-CE9D-41B4-B51E-F21005F6E53A}.Debug|Any CPU.ActiveCfg = Debug|Any CPU
		{6E16E5C0-CE9D-41B4-B51E-F21005F6E53A}.Debug|Any CPU.Build.0 = Debug|Any CPU
		{6E16E5C0-CE9D-41B4-B51E-F21005F6E53A}.Debug|x64.ActiveCfg = Debug|Any CPU
		{6E16E5C0-CE9D-41B4-B51E-F21005F6E53A}.Debug|x64.Build.0 = Debug|Any CPU
		{6E16E5C0-CE9D-41B4-B51E-F21005F6E53A}.Debug|x86.ActiveCfg = Debug|Any CPU
		{6E16E5C0-CE9D-41B4-B51E-F21005F6E53A}.Debug|x86.Build.0 = Debug|Any CPU
		{6E16E5C0-CE9D-41B4-B51E-F21005F6E53A}.Release|Any CPU.ActiveCfg = Release|Any CPU
		{6E16E5C0-CE9D-41B4-B51E-F21005F6E53A}.Release|Any CPU.Build.0 = Release|Any CPU
		{6E16E5C0-CE9D-41B4-B51E-F21005F6E53A}.Release|x64.ActiveCfg = Release|Any CPU
		{6E16E5C0-CE9D-41B4-B51E-F21005F6E53A}.Release|x64.Build.0 = Release|Any CPU
		{6E16E5C0-CE9D-41B4-B51E-F21005F6E53A}.Release|x86.ActiveCfg = Release|Any CPU
		{6E16E5C0-CE9D-41B4-B51E-F21005F6E53A}.Release|x86.Build.0 = Release|Any CPU
		{8F2F5FD8-8BF2-453E-A2B6-D1AC6E468D48}.Debug|Any CPU.ActiveCfg = Debug|Any CPU
		{8F2F5FD8-8BF2-453E-A2B6-D1AC6E468D48}.Debug|Any CPU.Build.0 = Debug|Any CPU
		{8F2F5FD8-8BF2-453E-A2B6-D1AC6E468D48}.Debug|x64.ActiveCfg = Debug|Any CPU
		{8F2F5FD8-8BF2-453E-A2B6-D1AC6E468D48}.Debug|x64.Build.0 = Debug|Any CPU
		{8F2F5FD8-8BF2-453E-A2B6-D1AC6E468D48}.Debug|x86.ActiveCfg = Debug|Any CPU
		{8F2F5FD8-8BF2-453E-A2B6-D1AC6E468D48}.Debug|x86.Build.0 = Debug|Any CPU
		{8F2F5FD8-8BF2-453E-A2B6-D1AC6E468D48}.Release|Any CPU.ActiveCfg = Release|Any CPU
		{8F2F5FD8-8BF2-453E-A2B6-D1AC6E468D48}.Release|Any CPU.Build.0 = Release|Any CPU
		{8F2F5FD8-8BF2-453E-A2B6-D1AC6E468D48}.Release|x64.ActiveCfg = Release|Any CPU
		{8F2F5FD8-8BF2-453E-A2B6-D1AC6E468D48}.Release|x64.Build.0 = Release|Any CPU
		{8F2F5FD8-8BF2-453E-A2B6-D1AC6E468D48}.Release|x86.ActiveCfg = Release|Any CPU
		{8F2F5FD8-8BF2-453E-A2B6-D1AC6E468D48}.Release|x86.Build.0 = Release|Any CPU
		{11B563B1-E832-436A-994B-BAA3B3A3E4E6}.Debug|Any CPU.ActiveCfg = Debug|Any CPU
		{11B563B1-E832-436A-994B-BAA3B3A3E4E6}.Debug|Any CPU.Build.0 = Debug|Any CPU
		{11B563B1-E832-436A-994B-BAA3B3A3E4E6}.Debug|x64.ActiveCfg = Debug|Any CPU
		{11B563B1-E832-436A-994B-BAA3B3A3E4E6}.Debug|x64.Build.0 = Debug|Any CPU
		{11B563B1-E832-436A-994B-BAA3B3A3E4E6}.Debug|x86.ActiveCfg = Debug|Any CPU
		{11B563B1-E832-436A-994B-BAA3B3A3E4E6}.Debug|x86.Build.0 = Debug|Any CPU
		{11B563B1-E832-436A-994B-BAA3B3A3E4E6}.Release|Any CPU.ActiveCfg = Release|Any CPU
		{11B563B1-E832-436A-994B-BAA3B3A3E4E6}.Release|Any CPU.Build.0 = Release|Any CPU
		{11B563B1-E832-436A-994B-BAA3B3A3E4E6}.Release|x64.ActiveCfg = Release|Any CPU
		{11B563B1-E832-436A-994B-BAA3B3A3E4E6}.Release|x64.Build.0 = Release|Any CPU
		{11B563B1-E832-436A-994B-BAA3B3A3E4E6}.Release|x86.ActiveCfg = Release|Any CPU
		{11B563B1-E832-436A-994B-BAA3B3A3E4E6}.Release|x86.Build.0 = Release|Any CPU
		{B1BEC9A4-0EDC-45EC-81D0-6B388A843CE7}.Debug|Any CPU.ActiveCfg = Debug|Any CPU
		{B1BEC9A4-0EDC-45EC-81D0-6B388A843CE7}.Debug|Any CPU.Build.0 = Debug|Any CPU
		{B1BEC9A4-0EDC-45EC-81D0-6B388A843CE7}.Debug|x64.ActiveCfg = Debug|Any CPU
		{B1BEC9A4-0EDC-45EC-81D0-6B388A843CE7}.Debug|x64.Build.0 = Debug|Any CPU
		{B1BEC9A4-0EDC-45EC-81D0-6B388A843CE7}.Debug|x86.ActiveCfg = Debug|Any CPU
		{B1BEC9A4-0EDC-45EC-81D0-6B388A843CE7}.Debug|x86.Build.0 = Debug|Any CPU
		{B1BEC9A4-0EDC-45EC-81D0-6B388A843CE7}.Release|Any CPU.ActiveCfg = Release|Any CPU
		{B1BEC9A4-0EDC-45EC-81D0-6B388A843CE7}.Release|Any CPU.Build.0 = Release|Any CPU
		{B1BEC9A4-0EDC-45EC-81D0-6B388A843CE7}.Release|x64.ActiveCfg = Release|Any CPU
		{B1BEC9A4-0EDC-45EC-81D0-6B388A843CE7}.Release|x64.Build.0 = Release|Any CPU
		{B1BEC9A4-0EDC-45EC-81D0-6B388A843CE7}.Release|x86.ActiveCfg = Release|Any CPU
		{B1BEC9A4-0EDC-45EC-81D0-6B388A843CE7}.Release|x86.Build.0 = Release|Any CPU
		{64BD441D-09A5-4E31-AA68-674EDA87BA22}.Debug|Any CPU.ActiveCfg = Debug|Any CPU
		{64BD441D-09A5-4E31-AA68-674EDA87BA22}.Debug|Any CPU.Build.0 = Debug|Any CPU
		{64BD441D-09A5-4E31-AA68-674EDA87BA22}.Debug|x64.ActiveCfg = Debug|Any CPU
		{64BD441D-09A5-4E31-AA68-674EDA87BA22}.Debug|x64.Build.0 = Debug|Any CPU
		{64BD441D-09A5-4E31-AA68-674EDA87BA22}.Debug|x86.ActiveCfg = Debug|Any CPU
		{64BD441D-09A5-4E31-AA68-674EDA87BA22}.Debug|x86.Build.0 = Debug|Any CPU
		{64BD441D-09A5-4E31-AA68-674EDA87BA22}.Release|Any CPU.ActiveCfg = Release|Any CPU
		{64BD441D-09A5-4E31-AA68-674EDA87BA22}.Release|Any CPU.Build.0 = Release|Any CPU
		{64BD441D-09A5-4E31-AA68-674EDA87BA22}.Release|x64.ActiveCfg = Release|Any CPU
		{64BD441D-09A5-4E31-AA68-674EDA87BA22}.Release|x64.Build.0 = Release|Any CPU
		{64BD441D-09A5-4E31-AA68-674EDA87BA22}.Release|x86.ActiveCfg = Release|Any CPU
		{64BD441D-09A5-4E31-AA68-674EDA87BA22}.Release|x86.Build.0 = Release|Any CPU
		{1E55062A-EB9A-46BF-98D0-51D0B1A4AF37}.Debug|Any CPU.ActiveCfg = Debug|Any CPU
		{1E55062A-EB9A-46BF-98D0-51D0B1A4AF37}.Debug|Any CPU.Build.0 = Debug|Any CPU
		{1E55062A-EB9A-46BF-98D0-51D0B1A4AF37}.Debug|x64.ActiveCfg = Debug|Any CPU
		{1E55062A-EB9A-46BF-98D0-51D0B1A4AF37}.Debug|x64.Build.0 = Debug|Any CPU
		{1E55062A-EB9A-46BF-98D0-51D0B1A4AF37}.Debug|x86.ActiveCfg = Debug|Any CPU
		{1E55062A-EB9A-46BF-98D0-51D0B1A4AF37}.Debug|x86.Build.0 = Debug|Any CPU
		{1E55062A-EB9A-46BF-98D0-51D0B1A4AF37}.Release|Any CPU.ActiveCfg = Release|Any CPU
		{1E55062A-EB9A-46BF-98D0-51D0B1A4AF37}.Release|Any CPU.Build.0 = Release|Any CPU
		{1E55062A-EB9A-46BF-98D0-51D0B1A4AF37}.Release|x64.ActiveCfg = Release|Any CPU
		{1E55062A-EB9A-46BF-98D0-51D0B1A4AF37}.Release|x64.Build.0 = Release|Any CPU
		{1E55062A-EB9A-46BF-98D0-51D0B1A4AF37}.Release|x86.ActiveCfg = Release|Any CPU
		{1E55062A-EB9A-46BF-98D0-51D0B1A4AF37}.Release|x86.Build.0 = Release|Any CPU
	EndGlobalSection
	GlobalSection(SolutionProperties) = preSolution
		HideSolutionNode = FALSE
	EndGlobalSection
	GlobalSection(NestedProjects) = preSolution
		{B1BEC9A4-0EDC-45EC-81D0-6B388A843CE7} = {5D20AA90-6969-D8BD-9DCD-8634F4692FDA}
		{64BD441D-09A5-4E31-AA68-674EDA87BA22} = {5D20AA90-6969-D8BD-9DCD-8634F4692FDA}
	EndGlobalSection
EndGlobal
